
Microsoft Visual Studio Solution File, Format Version 12.00
# Visual Studio Version 17
VisualStudioVersion = 17.7.34024.191
MinimumVisualStudioVersion = 10.0.40219.1
Project("{FAE04EC0-301F-11D3-BF4B-00C04F79EFBC}") = "clase1", "clase1\clase1.csproj", "{5A364409-6127-4A52-B4B6-D8B2BA983D14}"
EndProject
Global
	GlobalSection(SolutionConfigurationPlatforms) = preSolution
		Debug|Any CPU = Debug|Any CPU
		Release|Any CPU = Release|Any CPU
	EndGlobalSection
	GlobalSection(ProjectConfigurationPlatforms) = postSolution
		{5A364409-6127-4A52-B4B6-D8B2BA983D14}.Debug|Any CPU.ActiveCfg = Debug|Any CPU
		{5A364409-6127-4A52-B4B6-D8B2BA983D14}.Debug|Any CPU.Build.0 = Debug|Any CPU
		{5A364409-6127-4A52-B4B6-D8B2BA983D14}.Release|Any CPU.ActiveCfg = Release|Any CPU
		{5A364409-6127-4A52-B4B6-D8B2BA983D14}.Release|Any CPU.Build.0 = Release|Any CPU
	EndGlobalSection
	GlobalSection(SolutionProperties) = preSolution
		HideSolutionNode = FALSE
	EndGlobalSection
	GlobalSection(ExtensibilityGlobals) = postSolution
		SolutionGuid = {DED0F92E-88BF-4888-BFAD-A4C41A180DC0}
	EndGlobalSection
EndGlobal
